
Microsoft Visual Studio Solution File, Format Version 12.00
# Visual Studio Version 17
VisualStudioVersion = 17.7.34018.315
MinimumVisualStudioVersion = 10.0.40219.1
Project("{FAE04EC0-301F-11D3-BF4B-00C04F79EFBC}") = "sep-29-grupparbete", "sep-29-grupparbete\sep-29-grupparbete.csproj", "{F03311CF-5B3C-452A-9295-A1415D114F3A}"
EndProject
Global
	GlobalSection(SolutionConfigurationPlatforms) = preSolution
		Debug|Any CPU = Debug|Any CPU
		Release|Any CPU = Release|Any CPU
	EndGlobalSection
	GlobalSection(ProjectConfigurationPlatforms) = postSolution
		{F03311CF-5B3C-452A-9295-A1415D114F3A}.Debug|Any CPU.ActiveCfg = Debug|Any CPU
		{F03311CF-5B3C-452A-9295-A1415D114F3A}.Debug|Any CPU.Build.0 = Debug|Any CPU
		{F03311CF-5B3C-452A-9295-A1415D114F3A}.Release|Any CPU.ActiveCfg = Release|Any CPU
		{F03311CF-5B3C-452A-9295-A1415D114F3A}.Release|Any CPU.Build.0 = Release|Any CPU
	EndGlobalSection
	GlobalSection(SolutionProperties) = preSolution
		HideSolutionNode = FALSE
	EndGlobalSection
	GlobalSection(ExtensibilityGlobals) = postSolution
		SolutionGuid = {8F687B4F-0F10-4B10-84B7-DB6206BE1A9B}
	EndGlobalSection
EndGlobal
